# Dev tooling required inside the dev container at Step 1. Production
# runtime deps are added in later steps.
#
# Pin policy:
#   - Exact version pins (==).
#   - Hashes are added once we have a clean `pip-compile --generate-hashes`
#     run from inside the container. Until then, we install by version
#     pin only and rely on TLS + PyPI's existing integrity checks.
#     TODO(step1-followup): regenerate this file with --generate-hashes
#     inside `make shell` and replace the body with the hashed output.
#
# The brief's safety contract §6 demands hashes before any first PyPI
# release; not strictly required for the dev build to be functional, but
# we mark it explicit so it doesn't get forgotten.

pytest==8.3.3
pytest-httpx==0.32.0
ruff==0.7.4
# Step 3 — TOML reading on Python 3.10. On 3.11+ the parser uses stdlib
# tomllib; tomli is the fallback for 3.10 distributions.
tomli==2.0.2
# Step 4 — runtime HTTP client for OSV. Pinned explicitly (otherwise it
# rides in transitively via pytest-httpx).
httpx==0.27.2
# Step 5 — version comparison for PyPI (PEP 440) + range matching for
# extras.json campaigns. Already a transitive dep of pytest; pinning
# explicitly so the runtime install doesn't drift.
packaging==26.2
# Step 6 — CLI framework + rich terminal rendering.
click==8.1.7
rich==13.9.4
# Step 8 — dev-only: SARIF schema validation in tests. Not declared as
# a runtime dep in pyproject.toml because production scans don't need
# self-validation.
jsonschema==4.23.0
