# This file is generated by running "yarn install" inside your project.
# Manual changes might be lost — proceed with caution!

__metadata:
  version: 6
  cacheKey: 8

"lodash@npm:^4.17.21":
  version: 4.17.21
  resolution: "lodash@npm:4.17.21"
  checksum: fake

"@cap-js/sqlite@npm:2.2.2":
  version: 2.2.2
  resolution: "@cap-js/sqlite@npm:2.2.2"
  checksum: fake

"my-app@workspace:.":
  version: 0.0.0-use.local
  resolution: "my-app@workspace:."
  # workspace root — its name still gets recorded
